// !$*UTF8*$!
{
	archiveVersion = 1;
	classes = {
	};
	objectVersion = 46;
	objects = {

/* Begin PBXBuildFile section */
		8DF3F58119E52219009D384A /* main.m in Sources */ = {isa = PBXBuildFile; fileRef = 8DF3F58019E52219009D384A /* main.m */; };
		8DF3F58419E52219009D384A /* AppDelegate.m in Sources */ = {isa = PBXBuildFile; fileRef = 8DF3F58319E52219009D384A /* AppDelegate.m */; };
		8DF3F58719E52219009D384A /* githubdemo2.xcdatamodeld in Sources */ = {isa = PBXBuildFile; fileRef = 8DF3F58519E52219009D384A /* githubdemo2.xcdatamodeld */; };
		8DF3F58A19E52219009D384A /* ViewController.m in Sources */ = {isa = PBXBuildFile; fileRef = 8DF3F58919E52219009D384A /* ViewController.m */; };
		8DF3F58D19E5221A009D384A /* Main.storyboard in Resources */ = {isa = PBXBuildFile; fileRef = 8DF3F58B19E5221A009D384A /* Main.storyboard */; };
		8DF3F58F19E5221A009D384A /* Images.xcassets in Resources */ = {isa = PBXBuildFile; fileRef = 8DF3F58E19E5221A009D384A /* Images.xcassets */; };
		8DF3F59219E5221A009D384A /* LaunchScreen.xib in Resources */ = {isa = PBXBuildFile; fileRef = 8DF3F59019E5221A009D384A /* LaunchScreen.xib */; };
		8DF3F59E19E5221A009D384A /* githubdemo2Tests.m in Sources */ = {isa = PBXBuildFile; fileRef = 8DF3F59D19E5221A009D384A /* githubdemo2Tests.m */; };
/* End PBXBuildFile section */

/* Begin PBXContainerItemProxy section */
		8DF3F59819E5221A009D384A /* PBXContainerItemProxy */ = {
			isa = PBXContainerItemProxy;
			containerPortal = 8DF3F57319E52219009D384A /* Project object */;
			proxyType = 1;
			remoteGlobalIDString = 8DF3F57A19E52219009D384A;
			remoteInfo = githubdemo2;
		};
/* End PBXContainerItemProxy section */

/* Begin PBXFileReference section */
		8DF3F57B19E52219009D384A /* githubdemo2.app */ = {isa = PBXFileReference; explicitFileType = wrapper.application; includeInIndex = 0; path = githubdemo2.app; sourceTree = BUILT_PRODUCTS_DIR; };
		8DF3F57F19E52219009D384A /* Info.plist */ = {isa = PBXFileReference; lastKnownFileType = text.plist.xml; path = Info.plist; sourceTree = "<group>"; };
		8DF3F58019E52219009D384A /* main.m */ = {isa = PBXFileReference; lastKnownFileType = sourcecode.c.objc; path = main.m; sourceTree = "<group>"; };
		8DF3F58219E52219009D384A /* AppDelegate.h */ = {isa = PBXFileReference; lastKnownFileType = sourcecode.c.h; path = AppDelegate.h; sourceTree = "<group>"; };
		8DF3F58319E52219009D384A /* AppDelegate.m */ = {isa = PBXFileReference; lastKnownFileType = sourcecode.c.objc; path = AppDelegate.m; sourceTree = "<group>"; };
		8DF3F58619E52219009D384A /* githubdemo2.xcdatamodel */ = {isa = PBXFileReference; lastKnownFileType = wrapper.xcdatamodel; path = githubdemo2.xcdatamodel; sourceTree = "<group>"; };
		8DF3F58819E52219009D384A /* ViewController.h */ = {isa = PBXFileReference; lastKnownFileType = sourcecode.c.h; path = ViewController.h; sourceTree = "<group>"; };
		8DF3F58919E52219009D384A /* ViewController.m */ = {isa = PBXFileReference; lastKnownFileType = sourcecode.c.objc; path = ViewController.m; sourceTree = "<group>"; };
		8DF3F58C19E5221A009D384A /* Base */ = {isa = PBXFileReference; lastKnownFileType = file.storyboard; name = Base; path = Base.lproj/Main.storyboard; sourceTree = "<group>"; };
		8DF3F58E19E5221A009D384A /* Images.xcassets */ = {isa = PBXFileReference; lastKnownFileType = folder.assetcatalog; path = Images.xcassets; sourceTree = "<group>"; };
		8DF3F59119E5221A009D384A /* Base */ = {isa = PBXFileReference; lastKnownFileType = file.xib; name = Base; path = Base.lproj/LaunchScreen.xib; sourceTree = "<group>"; };
		8DF3F59719E5221A009D384A /* githubdemo2Tests.xctest */ = {isa = PBXFileReference; explicitFileType = wrapper.cfbundle; includeInIndex = 0; path = githubdemo2Tests.xctest; sourceTree = BUILT_PRODUCTS_DIR; };
		8DF3F59C19E5221A009D384A /* Info.plist */ = {isa = PBXFileReference; lastKnownFileType = text.plist.xml; path = Info.plist; sourceTree = "<group>"; };
		8DF3F59D19E5221A009D384A /* githubdemo2Tests.m */ = {isa = PBXFileReference; lastKnownFileType = sourcecode.c.objc; path = githubdemo2Tests.m; sourceTree = "<group>"; };
/* End PBXFileReference section */

/* Begin PBXFrameworksBuildPhase section */
		8DF3F57819E52219009D384A /* Frameworks */ = {
			isa = PBXFrameworksBuildPhase;
			buildActionMask = 2147483647;
			files = (
			);
			runOnlyForDeploymentPostprocessing = 0;
		};
		8DF3F59419E5221A009D384A /* Frameworks */ = {
			isa = PBXFrameworksBuildPhase;
			buildActionMask = 2147483647;
			files = (
			);
			runOnlyForDeploymentPostprocessing = 0;
		};
/* End PBXFrameworksBuildPhase section */

/* Begin PBXGroup section */
		8DF3F57219E52219009D384A = {
			isa = PBXGroup;
			children = (
				8DF3F57D19E52219009D384A /* githubdemo2 */,
				8DF3F59A19E5221A009D384A /* githubdemo2Tests */,
				8DF3F57C19E52219009D384A /* Products */,
			);
			sourceTree = "<group>";
		};
		8DF3F57C19E52219009D384A /* Products */ = {
			isa = PBXGroup;
			children = (
				8DF3F57B19E52219009D384A /* githubdemo2.app */,
				8DF3F59719E5221A009D384A /* githubdemo2Tests.xctest */,
			);
			name = Products;
			sourceTree = "<group>";
		};
		8DF3F57D19E52219009D384A /* githubdemo2 */ = {
			isa = PBXGroup;
			children = (
				8DF3F58219E52219009D384A /* AppDelegate.h */,
				8DF3F58319E52219009D384A /* AppDelegate.m */,
				8DF3F58819E52219009D384A /* ViewController.h */,
				8DF3F58919E52219009D384A /* ViewController.m */,
				8DF3F58B19E5221A009D384A /* Main.storyboard */,
				8DF3F58E19E5221A009D384A /* Images.xcassets */,
				8DF3F59019E5221A009D384A /* LaunchScreen.xib */,
				8DF3F58519E52219009D384A /* githubdemo2.xcdatamodeld */,
				8DF3F57E19E52219009D384A /* Supporting Files */,
			);
			path = githubdemo2;
			sourceTree = "<group>";
		};
		8DF3F57E19E52219009D384A /* Supporting Files */ = {
			isa = PBXGroup;
			children = (
				8DF3F57F19E52219009D384A /* Info.plist */,
				8DF3F58019E52219009D384A /* main.m */,
			);
			name = "Supporting Files";
			sourceTree = "<group>";
		};
		8DF3F59A19E5221A009D384A /* githubdemo2Tests */ = {
			isa = PBXGroup;
			children = (
				8DF3F59D19E5221A009D384A /* githubdemo2Tests.m */,
				8DF3F59B19E5221A009D384A /* Supporting Files */,
			);
			path = githubdemo2Tests;
			sourceTree = "<group>";
		};
		8DF3F59B19E5221A009D384A /* Supporting Files */ = {
			isa = PBXGroup;
			children = (
				8DF3F59C19E5221A009D384A /* Info.plist */,
			);
			name = "Supporting Files";
			sourceTree = "<group>";
		};
/* End PBXGroup section */

/* Begin PBXNativeTarget section */
		8DF3F57A19E52219009D384A /* githubdemo2 */ = {
			isa = PBXNativeTarget;
			buildConfigurationList = 8DF3F5A119E5221A009D384A /* Build configuration list for PBXNativeTarget "githubdemo2" */;
			buildPhases = (
				8DF3F57719E52219009D384A /* Sources */,
				8DF3F57819E52219009D384A /* Frameworks */,
				8DF3F57919E52219009D384A /* Resources */,
			);
			buildRules = (
			);
			dependencies = (
			);
			name = githubdemo2;
			productName = githubdemo2;
			productReference = 8DF3F57B19E52219009D384A /* githubdemo2.app */;
			productType = "com.apple.product-type.application";
		};
		8DF3F59619E5221A009D384A /* githubdemo2Tests */ = {
			isa = PBXNativeTarget;
			buildConfigurationList = 8DF3F5A419E5221A009D384A /* Build configuration list for PBXNativeTarget "githubdemo2Tests" */;
			buildPhases = (
				8DF3F59319E5221A009D384A /* Sources */,
				8DF3F59419E5221A009D384A /* Frameworks */,
				8DF3F59519E5221A009D384A /* Resources */,
			);
			buildRules = (
			);
			dependencies = (
				8DF3F59919E5221A009D384A /* PBXTargetDependency */,
			);
			name = githubdemo2Tests;
			productName = githubdemo2Tests;
			productReference = 8DF3F59719E5221A009D384A /* githubdemo2Tests.xctest */;
			productType = "com.apple.product-type.bundle.unit-test";
		};
/* End PBXNativeTarget section */

/* Begin PBXProject section */
		8DF3F57319E52219009D384A /* Project object */ = {
			isa = PBXProject;
			attributes = {
				LastUpgradeCheck = 0600;
				ORGANIZATIONNAME = senthil;
				TargetAttributes = {
					8DF3F57A19E52219009D384A = {
						CreatedOnToolsVersion = 6.0.1;
					};
					8DF3F59619E5221A009D384A = {
						CreatedOnToolsVersion = 6.0.1;
						TestTargetID = 8DF3F57A19E52219009D384A;
					};
				};
			};
			buildConfigurationList = 8DF3F57619E52219009D384A /* Build configuration list for PBXProject "githubdemo2" */;
			compatibilityVersion = "Xcode 3.2";
			developmentRegion = English;
			hasScannedForEncodings = 0;
			knownRegions = (
				en,
				Base,
			);
			mainGroup = 8DF3F57219E52219009D384A;
			productRefGroup = 8DF3F57C19E52219009D384A /* Products */;
			projectDirPath = "";
			projectRoot = "";
			targets = (
				8DF3F57A19E52219009D384A /* githubdemo2 */,
				8DF3F59619E5221A009D384A /* githubdemo2Tests */,
			);
		};
/* End PBXProject section */

/* Begin PBXResourcesBuildPhase section */
		8DF3F57919E52219009D384A /* Resources */ = {
			isa = PBXResourcesBuildPhase;
			buildActionMask = 2147483647;
			files = (
				8DF3F58D19E5221A009D384A /* Main.storyboard in Resources */,
				8DF3F59219E5221A009D384A /* LaunchScreen.xib in Resources */,
				8DF3F58F19E5221A009D384A /* Images.xcassets in Resources */,
			);
			runOnlyForDeploymentPostprocessing = 0;
		};
		8DF3F59519E5221A009D384A /* Resources */ = {
			isa = PBXResourcesBuildPhase;
			buildActionMask = 2147483647;
			files = (
			);
			runOnlyForDeploymentPostprocessing = 0;
		};
/* End PBXResourcesBuildPhase section */

/* Begin PBXSourcesBuildPhase section */
		8DF3F57719E52219009D384A /* Sources */ = {
			isa = PBXSourcesBuildPhase;
			buildActionMask = 2147483647;
			files = (
				8DF3F58419E52219009D384A /* AppDelegate.m in Sources */,
				8DF3F58119E52219009D384A /* main.m in Sources */,
				8DF3F58A19E52219009D384A /* ViewController.m in Sources */,
				8DF3F58719E52219009D384A /* githubdemo2.xcdatamodeld in Sources */,
			);
			runOnlyForDeploymentPostprocessing = 0;
		};
		8DF3F59319E5221A009D384A /* Sources */ = {
			isa = PBXSourcesBuildPhase;
			buildActionMask = 2147483647;
			files = (
				8DF3F59E19E5221A009D384A /* githubdemo2Tests.m in Sources */,
			);
			runOnlyForDeploymentPostprocessing = 0;
		};
/* End PBXSourcesBuildPhase section */

/* Begin PBXTargetDependency section */
		8DF3F59919E5221A009D384A /* PBXTargetDependency */ = {
			isa = PBXTargetDependency;
			target = 8DF3F57A19E52219009D384A /* githubdemo2 */;
			targetProxy = 8DF3F59819E5221A009D384A /* PBXContainerItemProxy */;
		};
/* End PBXTargetDependency section */

/* Begin PBXVariantGroup section */
		8DF3F58B19E5221A009D384A /* Main.storyboard */ = {
			isa = PBXVariantGroup;
			children = (
				8DF3F58C19E5221A009D384A /* Base */,
			);
			name = Main.storyboard;
			sourceTree = "<group>";
		};
		8DF3F59019E5221A009D384A /* LaunchScreen.xib */ = {
			isa = PBXVariantGroup;
			children = (
				8DF3F59119E5221A009D384A /* Base */,
			);
			name = LaunchScreen.xib;
			sourceTree = "<group>";
		};
/* End PBXVariantGroup section */

/* Begin XCBuildConfiguration section */
		8DF3F59F19E5221A009D384A /* Debug */ = {
			isa = XCBuildConfiguration;
			buildSettings = {
				ALWAYS_SEARCH_USER_PATHS = NO;
				CLANG_CXX_LANGUAGE_STANDARD = "gnu++0x";
				CLANG_CXX_LIBRARY = "libc++";
				CLANG_ENABLE_MODULES = YES;
				CLANG_ENABLE_OBJC_ARC = YES;
				CLANG_WARN_BOOL_CONVERSION = YES;
				CLANG_WARN_CONSTANT_CONVERSION = YES;
				CLANG_WARN_DIRECT_OBJC_ISA_USAGE = YES_ERROR;
				CLANG_WARN_EMPTY_BODY = YES;
				CLANG_WARN_ENUM_CONVERSION = YES;
				CLANG_WARN_INT_CONVERSION = YES;
				CLANG_WARN_OBJC_ROOT_CLASS = YES_ERROR;
				CLANG_WARN_UNREACHABLE_CODE = YES;
				CLANG_WARN__DUPLICATE_METHOD_MATCH = YES;
				"CODE_SIGN_IDENTITY[sdk=iphoneos*]" = "iPhone Developer";
				COPY_PHASE_STRIP = NO;
				ENABLE_STRICT_OBJC_MSGSEND = YES;
				GCC_C_LANGUAGE_STANDARD = gnu99;
				GCC_DYNAMIC_NO_PIC = NO;
				GCC_OPTIMIZATION_LEVEL = 0;
				GCC_PREPROCESSOR_DEFINITIONS = (
					"DEBUG=1",
					"$(inherited)",
				);
				GCC_SYMBOLS_PRIVATE_EXTERN = NO;
				GCC_WARN_64_TO_32_BIT_CONVERSION = YES;
				GCC_WARN_ABOUT_RETURN_TYPE = YES_ERROR;
				GCC_WARN_UNDECLARED_SELECTOR = YES;
				GCC_WARN_UNINITIALIZED_AUTOS = YES_AGGRESSIVE;
				GCC_WARN_UNUSED_FUNCTION = YES;
				GCC_WARN_UNUSED_VARIABLE = YES;
				IPHONEOS_DEPLOYMENT_TARGET = 8.0;
				MTL_ENABLE_DEBUG_INFO = YES;
				ONLY_ACTIVE_ARCH = YES;
				SDKROOT = iphoneos;
			};
			name = Debug;
		};
		8DF3F5A019E5221A009D384A /* Release */ = {
			isa = XCBuildConfiguration;
			buildSettings = {
				ALWAYS_SEARCH_USER_PATHS = NO;
				CLANG_CXX_LANGUAGE_STANDARD = "gnu++0x";
				CLANG_CXX_LIBRARY = "libc++";
				CLANG_ENABLE_MODULES = YES;
				CLANG_ENABLE_OBJC_ARC = YES;
				CLANG_WARN_BOOL_CONVERSION = YES;
				CLANG_WARN_CONSTANT_CONVERSION = YES;
				CLANG_WARN_DIRECT_OBJC_ISA_USAGE = YES_ERROR;
				CLANG_WARN_EMPTY_BODY = YES;
				CLANG_WARN_ENUM_CONVERSION = YES;
				CLANG_WARN_INT_CONVERSION = YES;
				CLANG_WARN_OBJC_ROOT_CLASS = YES_ERROR;
				CLANG_WARN_UNREACHABLE_CODE = YES;
				CLANG_WARN__DUPLICATE_METHOD_MATCH = YES;
				"CODE_SIGN_IDENTITY[sdk=iphoneos*]" = "iPhone Developer";
				COPY_PHASE_STRIP = YES;
				ENABLE_NS_ASSERTIONS = NO;
				ENABLE_STRICT_OBJC_MSGSEND = YES;
				GCC_C_LANGUAGE_STANDARD = gnu99;
				GCC_WARN_64_TO_32_BIT_CONVERSION = YES;
				GCC_WARN_ABOUT_RETURN_TYPE = YES_ERROR;
				GCC_WARN_UNDECLARED_SELECTOR = YES;
				GCC_WARN_UNINITIALIZED_AUTOS = YES_AGGRESSIVE;
				GCC_WARN_UNUSED_FUNCTION = YES;
				GCC_WARN_UNUSED_VARIABLE = YES;
				IPHONEOS_DEPLOYMENT_TARGET = 8.0;
				MTL_ENABLE_DEBUG_INFO = NO;
				SDKROOT = iphoneos;
				VALIDATE_PRODUCT = YES;
			};
			name = Release;
		};
		8DF3F5A219E5221A009D384A /* Debug */ = {
			isa = XCBuildConfiguration;
			buildSettings = {
				ASSETCATALOG_COMPILER_APPICON_NAME = AppIcon;
				INFOPLIST_FILE = githubdemo2/Info.plist;
				LD_RUNPATH_SEARCH_PATHS = "$(inherited) @executable_path/Frameworks";
				PRODUCT_NAME = "$(TARGET_NAME)";
			};
			name = Debug;
		};
		8DF3F5A319E5221A009D384A /* Release */ = {
			isa = XCBuildConfiguration;
			buildSettings = {
				ASSETCATALOG_COMPILER_APPICON_NAME = AppIcon;
				INFOPLIST_FILE = githubdemo2/Info.plist;
				LD_RUNPATH_SEARCH_PATHS = "$(inherited) @executable_path/Frameworks";
				PRODUCT_NAME = "$(TARGET_NAME)";
			};
			name = Release;
		};
		8DF3F5A519E5221A009D384A /* Debug */ = {
			isa = XCBuildConfiguration;
			buildSettings = {
				BUNDLE_LOADER = "$(TEST_HOST)";
				FRAMEWORK_SEARCH_PATHS = (
					"$(SDKROOT)/Developer/Library/Frameworks",
					"$(inherited)",
				);
				GCC_PREPROCESSOR_DEFINITIONS = (
					"DEBUG=1",
					"$(inherited)",
				);
				INFOPLIST_FILE = githubdemo2Tests/Info.plist;
				LD_RUNPATH_SEARCH_PATHS = "$(inherited) @executable_path/Frameworks @loader_path/Frameworks";
				PRODUCT_NAME = "$(TARGET_NAME)";
				TEST_HOST = "$(BUILT_PRODUCTS_DIR)/githubdemo2.app/githubdemo2";
			};
			name = Debug;
		};
		8DF3F5A619E5221A009D384A /* Release */ = {
			isa = XCBuildConfiguration;
			buildSettings = {
				BUNDLE_LOADER = "$(TEST_HOST)";
				FRAMEWORK_SEARCH_PATHS = (
					"$(SDKROOT)/Developer/Library/Frameworks",
					"$(inherited)",
				);
				INFOPLIST_FILE = githubdemo2Tests/Info.plist;
				LD_RUNPATH_SEARCH_PATHS = "$(inherited) @executable_path/Frameworks @loader_path/Frameworks";
				PRODUCT_NAME = "$(TARGET_NAME)";
				TEST_HOST = "$(BUILT_PRODUCTS_DIR)/githubdemo2.app/githubdemo2";
			};
			name = Release;
		};
/* End XCBuildConfiguration section */

/* Begin XCConfigurationList section */
		8DF3F57619E52219009D384A /* Build configuration list for PBXProject "githubdemo2" */ = {
			isa = XCConfigurationList;
			buildConfigurations = (
				8DF3F59F19E5221A009D384A /* Debug */,
				8DF3F5A019E5221A009D384A /* Release */,
			);
			defaultConfigurationIsVisible = 0;
			defaultConfigurationName = Release;
		};
		8DF3F5A119E5221A009D384A /* Build configuration list for PBXNativeTarget "githubdemo2" */ = {
			isa = XCConfigurationList;
			buildConfigurations = (
				8DF3F5A219E5221A009D384A /* Debug */,
				8DF3F5A319E5221A009D384A /* Release */,
			);
			defaultConfigurationIsVisible = 0;
		};
		8DF3F5A419E5221A009D384A /* Build configuration list for PBXNativeTarget "githubdemo2Tests" */ = {
			isa = XCConfigurationList;
			buildConfigurations = (
				8DF3F5A519E5221A009D384A /* Debug */,
				8DF3F5A619E5221A009D384A /* Release */,
			);
			defaultConfigurationIsVisible = 0;
		};
/* End XCConfigurationList section */

/* Begin XCVersionGroup section */
		8DF3F58519E52219009D384A /* githubdemo2.xcdatamodeld */ = {
			isa = XCVersionGroup;
			children = (
				8DF3F58619E52219009D384A /* githubdemo2.xcdatamodel */,
			);
			currentVersion = 8DF3F58619E52219009D384A /* githubdemo2.xcdatamodel */;
			path = githubdemo2.xcdatamodeld;
			sourceTree = "<group>";
			versionGroupType = wrapper.xcdatamodel;
		};
/* End XCVersionGroup section */
	};
	rootObject = 8DF3F57319E52219009D384A /* Project object */;
}
